// !$*UTF8*$!
{
	archiveVersion = 1;
	classes = {
	};
	objectVersion = 77;
	objects = {

/* Begin PBXBuildFile section */
		E35127F62D053DB10006AE8F /* KDTree in Frameworks */ = {isa = PBXBuildFile; productRef = E35127F52D053DB10006AE8F /* KDTree */; };
		E35127FA2D053DCC0006AE8F /* SigmaSwiftStatistics in Frameworks */ = {isa = PBXBuildFile; productRef = E35127F92D053DCC0006AE8F /* SigmaSwiftStatistics */; };
		E35128092D0552190006AE8F /* uHull in Frameworks */ = {isa = PBXBuildFile; productRef = E35128082D0552190006AE8F /* uHull */; };
		E351280C2D0563FA0006AE8F /* uHull in Frameworks */ = {isa = PBXBuildFile; productRef = E351280B2D0563FA0006AE8F /* uHull */; };
		E3732C122D067F02003B5172 /* uHull in Frameworks */ = {isa = PBXBuildFile; productRef = E3732C112D067F02003B5172 /* uHull */; };
		E3EC6CD42D05CABC003095EA /* uHull in Frameworks */ = {isa = PBXBuildFile; productRef = E3EC6CD32D05CABC003095EA /* uHull */; };
/* End PBXBuildFile section */

/* Begin PBXContainerItemProxy section */
		E35127C02D053B610006AE8F /* PBXContainerItemProxy */ = {
			isa = PBXContainerItemProxy;
			containerPortal = E35127A12D053B5F0006AE8F /* Project object */;
			proxyType = 1;
			remoteGlobalIDString = E35127A82D053B5F0006AE8F;
			remoteInfo = uHullExample;
		};
		E35127CA2D053B610006AE8F /* PBXContainerItemProxy */ = {
			isa = PBXContainerItemProxy;
			containerPortal = E35127A12D053B5F0006AE8F /* Project object */;
			proxyType = 1;
			remoteGlobalIDString = E35127A82D053B5F0006AE8F;
			remoteInfo = uHullExample;
		};
/* End PBXContainerItemProxy section */

/* Begin PBXFileReference section */
		E35127A92D053B5F0006AE8F /* uHullExample.app */ = {isa = PBXFileReference; explicitFileType = wrapper.application; includeInIndex = 0; path = uHullExample.app; sourceTree = BUILT_PRODUCTS_DIR; };
		E35127BF2D053B610006AE8F /* uHullExampleTests.xctest */ = {isa = PBXFileReference; explicitFileType = wrapper.cfbundle; includeInIndex = 0; path = uHullExampleTests.xctest; sourceTree = BUILT_PRODUCTS_DIR; };
		E35127C92D053B610006AE8F /* uHullExampleUITests.xctest */ = {isa = PBXFileReference; explicitFileType = wrapper.cfbundle; includeInIndex = 0; path = uHullExampleUITests.xctest; sourceTree = BUILT_PRODUCTS_DIR; };
/* End PBXFileReference section */

/* Begin PBXFileSystemSynchronizedBuildFileExceptionSet section */
		E35127D12D053B610006AE8F /* Exceptions for "uHullExample" folder in "uHullExample" target */ = {
			isa = PBXFileSystemSynchronizedBuildFileExceptionSet;
			membershipExceptions = (
				Info.plist,
			);
			target = E35127A82D053B5F0006AE8F /* uHullExample */;
		};
/* End PBXFileSystemSynchronizedBuildFileExceptionSet section */

/* Begin PBXFileSystemSynchronizedRootGroup section */
		E35127AB2D053B5F0006AE8F /* uHullExample */ = {
			isa = PBXFileSystemSynchronizedRootGroup;
			exceptions = (
				E35127D12D053B610006AE8F /* Exceptions for "uHullExample" folder in "uHullExample" target */,
			);
			path = uHullExample;
			sourceTree = "<group>";
		};
		E35127C22D053B610006AE8F /* uHullExampleTests */ = {
			isa = PBXFileSystemSynchronizedRootGroup;
			path = uHullExampleTests;
			sourceTree = "<group>";
		};
		E35127CC2D053B610006AE8F /* uHullExampleUITests */ = {
			isa = PBXFileSystemSynchronizedRootGroup;
			path = uHullExampleUITests;
			sourceTree = "<group>";
		};
/* End PBXFileSystemSynchronizedRootGroup section */

/* Begin PBXFrameworksBuildPhase section */
		E35127A62D053B5F0006AE8F /* Frameworks */ = {
			isa = PBXFrameworksBuildPhase;
			buildActionMask = 2147483647;
			files = (
				E3EC6CD42D05CABC003095EA /* uHull in Frameworks */,
				E35128092D0552190006AE8F /* uHull in Frameworks */,
				E35127FA2D053DCC0006AE8F /* SigmaSwiftStatistics in Frameworks */,
				E3732C122D067F02003B5172 /* uHull in Frameworks */,
				E35127F62D053DB10006AE8F /* KDTree in Frameworks */,
				E351280C2D0563FA0006AE8F /* uHull in Frameworks */,
			);
			runOnlyForDeploymentPostprocessing = 0;
		};
		E35127BC2D053B610006AE8F /* Frameworks */ = {
			isa = PBXFrameworksBuildPhase;
			buildActionMask = 2147483647;
			files = (
			);
			runOnlyForDeploymentPostprocessing = 0;
		};
		E35127C62D053B610006AE8F /* Frameworks */ = {
			isa = PBXFrameworksBuildPhase;
			buildActionMask = 2147483647;
			files = (
			);
			runOnlyForDeploymentPostprocessing = 0;
		};
/* End PBXFrameworksBuildPhase section */

/* Begin PBXGroup section */
		E35127A02D053B5F0006AE8F = {
			isa = PBXGroup;
			children = (
				E35127AB2D053B5F0006AE8F /* uHullExample */,
				E35127C22D053B610006AE8F /* uHullExampleTests */,
				E35127CC2D053B610006AE8F /* uHullExampleUITests */,
				E35127F82D053DCC0006AE8F /* Frameworks */,
				E35127AA2D053B5F0006AE8F /* Products */,
			);
			sourceTree = "<group>";
		};
		E35127AA2D053B5F0006AE8F /* Products */ = {
			isa = PBXGroup;
			children = (
				E35127A92D053B5F0006AE8F /* uHullExample.app */,
				E35127BF2D053B610006AE8F /* uHullExampleTests.xctest */,
				E35127C92D053B610006AE8F /* uHullExampleUITests.xctest */,
			);
			name = Products;
			sourceTree = "<group>";
		};
		E35127F82D053DCC0006AE8F /* Frameworks */ = {
			isa = PBXGroup;
			children = (
			);
			name = Frameworks;
			sourceTree = "<group>";
		};
/* End PBXGroup section */

/* Begin PBXNativeTarget section */
		E35127A82D053B5F0006AE8F /* uHullExample */ = {
			isa = PBXNativeTarget;
			buildConfigurationList = E35127D22D053B610006AE8F /* Build configuration list for PBXNativeTarget "uHullExample" */;
			buildPhases = (
				E35127A52D053B5F0006AE8F /* Sources */,
				E35127A62D053B5F0006AE8F /* Frameworks */,
				E35127A72D053B5F0006AE8F /* Resources */,
			);
			buildRules = (
			);
			dependencies = (
			);
			fileSystemSynchronizedGroups = (
				E35127AB2D053B5F0006AE8F /* uHullExample */,
			);
			name = uHullExample;
			packageProductDependencies = (
				E35127F52D053DB10006AE8F /* KDTree */,
				E35127F92D053DCC0006AE8F /* SigmaSwiftStatistics */,
				E35128082D0552190006AE8F /* uHull */,
				E351280B2D0563FA0006AE8F /* uHull */,
				E3EC6CD32D05CABC003095EA /* uHull */,
				E3732C112D067F02003B5172 /* uHull */,
			);
			productName = uHullExample;
			productReference = E35127A92D053B5F0006AE8F /* uHullExample.app */;
			productType = "com.apple.product-type.application";
		};
		E35127BE2D053B610006AE8F /* uHullExampleTests */ = {
			isa = PBXNativeTarget;
			buildConfigurationList = E35127D72D053B610006AE8F /* Build configuration list for PBXNativeTarget "uHullExampleTests" */;
			buildPhases = (
				E35127BB2D053B610006AE8F /* Sources */,
				E35127BC2D053B610006AE8F /* Frameworks */,
				E35127BD2D053B610006AE8F /* Resources */,
			);
			buildRules = (
			);
			dependencies = (
				E35127C12D053B610006AE8F /* PBXTargetDependency */,
			);
			fileSystemSynchronizedGroups = (
				E35127C22D053B610006AE8F /* uHullExampleTests */,
			);
			name = uHullExampleTests;
			packageProductDependencies = (
			);
			productName = uHullExampleTests;
			productReference = E35127BF2D053B610006AE8F /* uHullExampleTests.xctest */;
			productType = "com.apple.product-type.bundle.unit-test";
		};
		E35127C82D053B610006AE8F /* uHullExampleUITests */ = {
			isa = PBXNativeTarget;
			buildConfigurationList = E35127DA2D053B610006AE8F /* Build configuration list for PBXNativeTarget "uHullExampleUITests" */;
			buildPhases = (
				E35127C52D053B610006AE8F /* Sources */,
				E35127C62D053B610006AE8F /* Frameworks */,
				E35127C72D053B610006AE8F /* Resources */,
			);
			buildRules = (
			);
			dependencies = (
				E35127CB2D053B610006AE8F /* PBXTargetDependency */,
			);
			fileSystemSynchronizedGroups = (
				E35127CC2D053B610006AE8F /* uHullExampleUITests */,
			);
			name = uHullExampleUITests;
			packageProductDependencies = (
			);
			productName = uHullExampleUITests;
			productReference = E35127C92D053B610006AE8F /* uHullExampleUITests.xctest */;
			productType = "com.apple.product-type.bundle.ui-testing";
		};
/* End PBXNativeTarget section */

/* Begin PBXProject section */
		E35127A12D053B5F0006AE8F /* Project object */ = {
			isa = PBXProject;
			attributes = {
				BuildIndependentTargetsInParallel = 1;
				LastSwiftUpdateCheck = 1610;
				LastUpgradeCheck = 1610;
				TargetAttributes = {
					E35127A82D053B5F0006AE8F = {
						CreatedOnToolsVersion = 16.1;
					};
					E35127BE2D053B610006AE8F = {
						CreatedOnToolsVersion = 16.1;
						TestTargetID = E35127A82D053B5F0006AE8F;
					};
					E35127C82D053B610006AE8F = {
						CreatedOnToolsVersion = 16.1;
						TestTargetID = E35127A82D053B5F0006AE8F;
					};
				};
			};
			buildConfigurationList = E35127A42D053B5F0006AE8F /* Build configuration list for PBXProject "uHullExample" */;
			developmentRegion = en;
			hasScannedForEncodings = 0;
			knownRegions = (
				en,
				Base,
				"Base 2",
				"base 2",
			);
			mainGroup = E35127A02D053B5F0006AE8F;
			minimizedProjectReferenceProxies = 1;
			packageReferences = (
				E35127F42D053DB10006AE8F /* XCRemoteSwiftPackageReference "KDTree" */,
				E35127F72D053DBE0006AE8F /* XCRemoteSwiftPackageReference "SigmaSwiftStatistics" */,
				E3732C102D067F02003B5172 /* XCLocalSwiftPackageReference "../uHull" */,
			);
			preferredProjectObjectVersion = 77;
			productRefGroup = E35127AA2D053B5F0006AE8F /* Products */;
			projectDirPath = "";
			projectRoot = "";
			targets = (
				E35127A82D053B5F0006AE8F /* uHullExample */,
				E35127BE2D053B610006AE8F /* uHullExampleTests */,
				E35127C82D053B610006AE8F /* uHullExampleUITests */,
			);
		};
/* End PBXProject section */

/* Begin PBXResourcesBuildPhase section */
		E35127A72D053B5F0006AE8F /* Resources */ = {
			isa = PBXResourcesBuildPhase;
			buildActionMask = 2147483647;
			files = (
			);
			runOnlyForDeploymentPostprocessing = 0;
		};
		E35127BD2D053B610006AE8F /* Resources */ = {
			isa = PBXResourcesBuildPhase;
			buildActionMask = 2147483647;
			files = (
			);
			runOnlyForDeploymentPostprocessing = 0;
		};
		E35127C72D053B610006AE8F /* Resources */ = {
			isa = PBXResourcesBuildPhase;
			buildActionMask = 2147483647;
			files = (
			);
			runOnlyForDeploymentPostprocessing = 0;
		};
/* End PBXResourcesBuildPhase section */

/* Begin PBXSourcesBuildPhase section */
		E35127A52D053B5F0006AE8F /* Sources */ = {
			isa = PBXSourcesBuildPhase;
			buildActionMask = 2147483647;
			files = (
			);
			runOnlyForDeploymentPostprocessing = 0;
		};
		E35127BB2D053B610006AE8F /* Sources */ = {
			isa = PBXSourcesBuildPhase;
			buildActionMask = 2147483647;
			files = (
			);
			runOnlyForDeploymentPostprocessing = 0;
		};
		E35127C52D053B610006AE8F /* Sources */ = {
			isa = PBXSourcesBuildPhase;
			buildActionMask = 2147483647;
			files = (
			);
			runOnlyForDeploymentPostprocessing = 0;
		};
/* End PBXSourcesBuildPhase section */

/* Begin PBXTargetDependency section */
		E35127C12D053B610006AE8F /* PBXTargetDependency */ = {
			isa = PBXTargetDependency;
			target = E35127A82D053B5F0006AE8F /* uHullExample */;
			targetProxy = E35127C02D053B610006AE8F /* PBXContainerItemProxy */;
		};
		E35127CB2D053B610006AE8F /* PBXTargetDependency */ = {
			isa = PBXTargetDependency;
			target = E35127A82D053B5F0006AE8F /* uHullExample */;
			targetProxy = E35127CA2D053B610006AE8F /* PBXContainerItemProxy */;
		};
/* End PBXTargetDependency section */

/* Begin XCBuildConfiguration section */
		E35127D32D053B610006AE8F /* Debug */ = {
			isa = XCBuildConfiguration;
			buildSettings = {
				ASSETCATALOG_COMPILER_APPICON_NAME = AppIcon;
				ASSETCATALOG_COMPILER_GLOBAL_ACCENT_COLOR_NAME = AccentColor;
				CODE_SIGN_STYLE = Automatic;
				CURRENT_PROJECT_VERSION = 1;
				DEVELOPMENT_TEAM = HGMRL5A68M;
				GENERATE_INFOPLIST_FILE = YES;
				INFOPLIST_FILE = uHullExample/Info.plist;
				INFOPLIST_KEY_UIApplicationSupportsIndirectInputEvents = YES;
				INFOPLIST_KEY_UILaunchStoryboardName = LaunchScreen;
				INFOPLIST_KEY_UIMainStoryboardFile = Main;
				INFOPLIST_KEY_UISupportedInterfaceOrientations_iPad = "UIInterfaceOrientationPortrait UIInterfaceOrientationPortraitUpsideDown UIInterfaceOrientationLandscapeLeft UIInterfaceOrientationLandscapeRight";
				INFOPLIST_KEY_UISupportedInterfaceOrientations_iPhone = "UIInterfaceOrientationPortrait UIInterfaceOrientationLandscapeLeft UIInterfaceOrientationLandscapeRight";
				LD_RUNPATH_SEARCH_PATHS = (
					"$(inherited)",
					"@executable_path/Frameworks",
				);
				MARKETING_VERSION = 1.0;
				PRODUCT_BUNDLE_IDENTIFIER = com.whichtoolface.uHullExample;
				PRODUCT_NAME = "$(TARGET_NAME)";
				SWIFT_EMIT_LOC_STRINGS = YES;
				SWIFT_VERSION = 5.0;
				TARGETED_DEVICE_FAMILY = "1,2";
			};
			name = Debug;
		};
		E35127D42D053B610006AE8F /* Release */ = {
			isa = XCBuildConfiguration;
			buildSettings = {
				ASSETCATALOG_COMPILER_APPICON_NAME = AppIcon;
				ASSETCATALOG_COMPILER_GLOBAL_ACCENT_COLOR_NAME = AccentColor;
				CODE_SIGN_STYLE = Automatic;
				CURRENT_PROJECT_VERSION = 1;
				DEVELOPMENT_TEAM = HGMRL5A68M;
				GENERATE_INFOPLIST_FILE = YES;
				INFOPLIST_FILE = uHullExample/Info.plist;
				INFOPLIST_KEY_UIApplicationSupportsIndirectInputEvents = YES;
				INFOPLIST_KEY_UILaunchStoryboardName = LaunchScreen;
				INFOPLIST_KEY_UIMainStoryboardFile = Main;
				INFOPLIST_KEY_UISupportedInterfaceOrientations_iPad = "UIInterfaceOrientationPortrait UIInterfaceOrientationPortraitUpsideDown UIInterfaceOrientationLandscapeLeft UIInterfaceOrientationLandscapeRight";
				INFOPLIST_KEY_UISupportedInterfaceOrientations_iPhone = "UIInterfaceOrientationPortrait UIInterfaceOrientationLandscapeLeft UIInterfaceOrientationLandscapeRight";
				LD_RUNPATH_SEARCH_PATHS = (
					"$(inherited)",
					"@executable_path/Frameworks",
				);
				MARKETING_VERSION = 1.0;
				PRODUCT_BUNDLE_IDENTIFIER = com.whichtoolface.uHullExample;
				PRODUCT_NAME = "$(TARGET_NAME)";
				SWIFT_EMIT_LOC_STRINGS = YES;
				SWIFT_VERSION = 5.0;
				TARGETED_DEVICE_FAMILY = "1,2";
			};
			name = Release;
		};
		E35127D52D053B610006AE8F /* Debug */ = {
			isa = XCBuildConfiguration;
			buildSettings = {
				ALWAYS_SEARCH_USER_PATHS = NO;
				ASSETCATALOG_COMPILER_GENERATE_SWIFT_ASSET_SYMBOL_EXTENSIONS = YES;
				CLANG_ANALYZER_NONNULL = YES;
				CLANG_ANALYZER_NUMBER_OBJECT_CONVERSION = YES_AGGRESSIVE;
				CLANG_CXX_LANGUAGE_STANDARD = "gnu++20";
				CLANG_ENABLE_MODULES = YES;
				CLANG_ENABLE_OBJC_ARC = YES;
				CLANG_ENABLE_OBJC_WEAK = YES;
				CLANG_WARN_BLOCK_CAPTURE_AUTORELEASING = YES;
				CLANG_WARN_BOOL_CONVERSION = YES;
				CLANG_WARN_COMMA = YES;
				CLANG_WARN_CONSTANT_CONVERSION = YES;
				CLANG_WARN_DEPRECATED_OBJC_IMPLEMENTATIONS = YES;
				CLANG_WARN_DIRECT_OBJC_ISA_USAGE = YES_ERROR;
				CLANG_WARN_DOCUMENTATION_COMMENTS = YES;
				CLANG_WARN_EMPTY_BODY = YES;
				CLANG_WARN_ENUM_CONVERSION = YES;
				CLANG_WARN_INFINITE_RECURSION = YES;
				CLANG_WARN_INT_CONVERSION = YES;
				CLANG_WARN_NON_LITERAL_NULL_CONVERSION = YES;
				CLANG_WARN_OBJC_IMPLICIT_RETAIN_SELF = YES;
				CLANG_WARN_OBJC_LITERAL_CONVERSION = YES;
				CLANG_WARN_OBJC_ROOT_CLASS = YES_ERROR;
				CLANG_WARN_QUOTED_INCLUDE_IN_FRAMEWORK_HEADER = YES;
				CLANG_WARN_RANGE_LOOP_ANALYSIS = YES;
				CLANG_WARN_STRICT_PROTOTYPES = YES;
				CLANG_WARN_SUSPICIOUS_MOVE = YES;
				CLANG_WARN_UNGUARDED_AVAILABILITY = YES_AGGRESSIVE;
				CLANG_WARN_UNREACHABLE_CODE = YES;
				CLANG_WARN__DUPLICATE_METHOD_MATCH = YES;
				COPY_PHASE_STRIP = NO;
				DEBUG_INFORMATION_FORMAT = dwarf;
				ENABLE_STRICT_OBJC_MSGSEND = YES;
				ENABLE_TESTABILITY = YES;
				ENABLE_USER_SCRIPT_SANDBOXING = YES;
				GCC_C_LANGUAGE_STANDARD = gnu17;
				GCC_DYNAMIC_NO_PIC = NO;
				GCC_NO_COMMON_BLOCKS = YES;
				GCC_OPTIMIZATION_LEVEL = 0;
				GCC_PREPROCESSOR_DEFINITIONS = (
					"DEBUG=1",
					"$(inherited)",
				);
				GCC_WARN_64_TO_32_BIT_CONVERSION = YES;
				GCC_WARN_ABOUT_RETURN_TYPE = YES_ERROR;
				GCC_WARN_UNDECLARED_SELECTOR = YES;
				GCC_WARN_UNINITIALIZED_AUTOS = YES_AGGRESSIVE;
				GCC_WARN_UNUSED_FUNCTION = YES;
				GCC_WARN_UNUSED_VARIABLE = YES;
				IPHONEOS_DEPLOYMENT_TARGET = 18.1;
				LOCALIZATION_PREFERS_STRING_CATALOGS = YES;
				MTL_ENABLE_DEBUG_INFO = INCLUDE_SOURCE;
				MTL_FAST_MATH = YES;
				ONLY_ACTIVE_ARCH = YES;
				SDKROOT = iphoneos;
				SWIFT_ACTIVE_COMPILATION_CONDITIONS = "DEBUG $(inherited)";
				SWIFT_OPTIMIZATION_LEVEL = "-Onone";
			};
			name = Debug;
		};
		E35127D62D053B610006AE8F /* Release */ = {
			isa = XCBuildConfiguration;
			buildSettings = {
				ALWAYS_SEARCH_USER_PATHS = NO;
				ASSETCATALOG_COMPILER_GENERATE_SWIFT_ASSET_SYMBOL_EXTENSIONS = YES;
				CLANG_ANALYZER_NONNULL = YES;
				CLANG_ANALYZER_NUMBER_OBJECT_CONVERSION = YES_AGGRESSIVE;
				CLANG_CXX_LANGUAGE_STANDARD = "gnu++20";
				CLANG_ENABLE_MODULES = YES;
				CLANG_ENABLE_OBJC_ARC = YES;
				CLANG_ENABLE_OBJC_WEAK = YES;
				CLANG_WARN_BLOCK_CAPTURE_AUTORELEASING = YES;
				CLANG_WARN_BOOL_CONVERSION = YES;
				CLANG_WARN_COMMA = YES;
				CLANG_WARN_CONSTANT_CONVERSION = YES;
				CLANG_WARN_DEPRECATED_OBJC_IMPLEMENTATIONS = YES;
				CLANG_WARN_DIRECT_OBJC_ISA_USAGE = YES_ERROR;
				CLANG_WARN_DOCUMENTATION_COMMENTS = YES;
				CLANG_WARN_EMPTY_BODY = YES;
				CLANG_WARN_ENUM_CONVERSION = YES;
				CLANG_WARN_INFINITE_RECURSION = YES;
				CLANG_WARN_INT_CONVERSION = YES;
				CLANG_WARN_NON_LITERAL_NULL_CONVERSION = YES;
				CLANG_WARN_OBJC_IMPLICIT_RETAIN_SELF = YES;
				CLANG_WARN_OBJC_LITERAL_CONVERSION = YES;
				CLANG_WARN_OBJC_ROOT_CLASS = YES_ERROR;
				CLANG_WARN_QUOTED_INCLUDE_IN_FRAMEWORK_HEADER = YES;
				CLANG_WARN_RANGE_LOOP_ANALYSIS = YES;
				CLANG_WARN_STRICT_PROTOTYPES = YES;
				CLANG_WARN_SUSPICIOUS_MOVE = YES;
				CLANG_WARN_UNGUARDED_AVAILABILITY = YES_AGGRESSIVE;
				CLANG_WARN_UNREACHABLE_CODE = YES;
				CLANG_WARN__DUPLICATE_METHOD_MATCH = YES;
				COPY_PHASE_STRIP = NO;
				DEBUG_INFORMATION_FORMAT = "dwarf-with-dsym";
				ENABLE_NS_ASSERTIONS = NO;
				ENABLE_STRICT_OBJC_MSGSEND = YES;
				ENABLE_USER_SCRIPT_SANDBOXING = YES;
				GCC_C_LANGUAGE_STANDARD = gnu17;
				GCC_NO_COMMON_BLOCKS = YES;
				GCC_WARN_64_TO_32_BIT_CONVERSION = YES;
				GCC_WARN_ABOUT_RETURN_TYPE = YES_ERROR;
				GCC_WARN_UNDECLARED_SELECTOR = YES;
				GCC_WARN_UNINITIALIZED_AUTOS = YES_AGGRESSIVE;
				GCC_WARN_UNUSED_FUNCTION = YES;
				GCC_WARN_UNUSED_VARIABLE = YES;
				IPHONEOS_DEPLOYMENT_TARGET = 18.1;
				LOCALIZATION_PREFERS_STRING_CATALOGS = YES;
				MTL_ENABLE_DEBUG_INFO = NO;
				MTL_FAST_MATH = YES;
				SDKROOT = iphoneos;
				SWIFT_COMPILATION_MODE = wholemodule;
				VALIDATE_PRODUCT = YES;
			};
			name = Release;
		};
		E35127D82D053B610006AE8F /* Debug */ = {
			isa = XCBuildConfiguration;
			buildSettings = {
				BUNDLE_LOADER = "$(TEST_HOST)";
				CODE_SIGN_STYLE = Automatic;
				CURRENT_PROJECT_VERSION = 1;
				DEVELOPMENT_TEAM = HGMRL5A68M;
				GENERATE_INFOPLIST_FILE = YES;
				IPHONEOS_DEPLOYMENT_TARGET = 18.1;
				MARKETING_VERSION = 1.0;
				PRODUCT_BUNDLE_IDENTIFIER = com.whichtoolface.uHullExampleTests;
				PRODUCT_NAME = "$(TARGET_NAME)";
				SWIFT_EMIT_LOC_STRINGS = NO;
				SWIFT_VERSION = 5.0;
				TARGETED_DEVICE_FAMILY = "1,2";
				TEST_HOST = "$(BUILT_PRODUCTS_DIR)/uHullExample.app/$(BUNDLE_EXECUTABLE_FOLDER_PATH)/uHullExample";
			};
			name = Debug;
		};
		E35127D92D053B610006AE8F /* Release */ = {
			isa = XCBuildConfiguration;
			buildSettings = {
				BUNDLE_LOADER = "$(TEST_HOST)";
				CODE_SIGN_STYLE = Automatic;
				CURRENT_PROJECT_VERSION = 1;
				DEVELOPMENT_TEAM = HGMRL5A68M;
				GENERATE_INFOPLIST_FILE = YES;
				IPHONEOS_DEPLOYMENT_TARGET = 18.1;
				MARKETING_VERSION = 1.0;
				PRODUCT_BUNDLE_IDENTIFIER = com.whichtoolface.uHullExampleTests;
				PRODUCT_NAME = "$(TARGET_NAME)";
				SWIFT_EMIT_LOC_STRINGS = NO;
				SWIFT_VERSION = 5.0;
				TARGETED_DEVICE_FAMILY = "1,2";
				TEST_HOST = "$(BUILT_PRODUCTS_DIR)/uHullExample.app/$(BUNDLE_EXECUTABLE_FOLDER_PATH)/uHullExample";
			};
			name = Release;
		};
		E35127DB2D053B610006AE8F /* Debug */ = {
			isa = XCBuildConfiguration;
			buildSettings = {
				CODE_SIGN_STYLE = Automatic;
				CURRENT_PROJECT_VERSION = 1;
				DEVELOPMENT_TEAM = HGMRL5A68M;
				GENERATE_INFOPLIST_FILE = YES;
				MARKETING_VERSION = 1.0;
				PRODUCT_BUNDLE_IDENTIFIER = com.whichtoolface.uHullExampleUITests;
				PRODUCT_NAME = "$(TARGET_NAME)";
				SWIFT_EMIT_LOC_STRINGS = NO;
				SWIFT_VERSION = 5.0;
				TARGETED_DEVICE_FAMILY = "1,2";
				TEST_TARGET_NAME = uHullExample;
			};
			name = Debug;
		};
		E35127DC2D053B610006AE8F /* Release */ = {
			isa = XCBuildConfiguration;
			buildSettings = {
				CODE_SIGN_STYLE = Automatic;
				CURRENT_PROJECT_VERSION = 1;
				DEVELOPMENT_TEAM = HGMRL5A68M;
				GENERATE_INFOPLIST_FILE = YES;
				MARKETING_VERSION = 1.0;
				PRODUCT_BUNDLE_IDENTIFIER = com.whichtoolface.uHullExampleUITests;
				PRODUCT_NAME = "$(TARGET_NAME)";
				SWIFT_EMIT_LOC_STRINGS = NO;
				SWIFT_VERSION = 5.0;
				TARGETED_DEVICE_FAMILY = "1,2";
				TEST_TARGET_NAME = uHullExample;
			};
			name = Release;
		};
/* End XCBuildConfiguration section */

/* Begin XCConfigurationList section */
		E35127A42D053B5F0006AE8F /* Build configuration list for PBXProject "uHullExample" */ = {
			isa = XCConfigurationList;
			buildConfigurations = (
				E35127D52D053B610006AE8F /* Debug */,
				E35127D62D053B610006AE8F /* Release */,
			);
			defaultConfigurationIsVisible = 0;
			defaultConfigurationName = Release;
		};
		E35127D22D053B610006AE8F /* Build configuration list for PBXNativeTarget "uHullExample" */ = {
			isa = XCConfigurationList;
			buildConfigurations = (
				E35127D32D053B610006AE8F /* Debug */,
				E35127D42D053B610006AE8F /* Release */,
			);
			defaultConfigurationIsVisible = 0;
			defaultConfigurationName = Release;
		};
		E35127D72D053B610006AE8F /* Build configuration list for PBXNativeTarget "uHullExampleTests" */ = {
			isa = XCConfigurationList;
			buildConfigurations = (
				E35127D82D053B610006AE8F /* Debug */,
				E35127D92D053B610006AE8F /* Release */,
			);
			defaultConfigurationIsVisible = 0;
			defaultConfigurationName = Release;
		};
		E35127DA2D053B610006AE8F /* Build configuration list for PBXNativeTarget "uHullExampleUITests" */ = {
			isa = XCConfigurationList;
			buildConfigurations = (
				E35127DB2D053B610006AE8F /* Debug */,
				E35127DC2D053B610006AE8F /* Release */,
			);
			defaultConfigurationIsVisible = 0;
			defaultConfigurationName = Release;
		};
/* End XCConfigurationList section */

/* Begin XCLocalSwiftPackageReference section */
		E3732C102D067F02003B5172 /* XCLocalSwiftPackageReference "../uHull" */ = {
			isa = XCLocalSwiftPackageReference;
			relativePath = ../uHull;
		};
/* End XCLocalSwiftPackageReference section */

/* Begin XCRemoteSwiftPackageReference section */
		E35127F42D053DB10006AE8F /* XCRemoteSwiftPackageReference "KDTree" */ = {
			isa = XCRemoteSwiftPackageReference;
			repositoryURL = "https://github.com/Bersaelor/KDTree";
			requirement = {
				kind = upToNextMajorVersion;
				minimumVersion = 1.4.2;
			};
		};
		E35127F72D053DBE0006AE8F /* XCRemoteSwiftPackageReference "SigmaSwiftStatistics" */ = {
			isa = XCRemoteSwiftPackageReference;
			repositoryURL = "https://github.com/evgenyneu/SigmaSwiftStatistics.git";
			requirement = {
				kind = upToNextMajorVersion;
				minimumVersion = 9.0.2;
			};
		};
/* End XCRemoteSwiftPackageReference section */

/* Begin XCSwiftPackageProductDependency section */
		E35127F52D053DB10006AE8F /* KDTree */ = {
			isa = XCSwiftPackageProductDependency;
			package = E35127F42D053DB10006AE8F /* XCRemoteSwiftPackageReference "KDTree" */;
			productName = KDTree;
		};
		E35127F92D053DCC0006AE8F /* SigmaSwiftStatistics */ = {
			isa = XCSwiftPackageProductDependency;
			package = E35127F72D053DBE0006AE8F /* XCRemoteSwiftPackageReference "SigmaSwiftStatistics" */;
			productName = SigmaSwiftStatistics;
		};
		E35128082D0552190006AE8F /* uHull */ = {
			isa = XCSwiftPackageProductDependency;
			productName = uHull;
		};
		E351280B2D0563FA0006AE8F /* uHull */ = {
			isa = XCSwiftPackageProductDependency;
			productName = uHull;
		};
		E3732C112D067F02003B5172 /* uHull */ = {
			isa = XCSwiftPackageProductDependency;
			productName = uHull;
		};
		E3EC6CD32D05CABC003095EA /* uHull */ = {
			isa = XCSwiftPackageProductDependency;
			productName = uHull;
		};
/* End XCSwiftPackageProductDependency section */
	};
	rootObject = E35127A12D053B5F0006AE8F /* Project object */;
}
