{
  "originHash" : "0b3c4c81f94183cd62a00016db3d195b1a0050325b7d6c6ef0af29f138611000",
  "pins" : [
    {
      "identity" : "kdtree",
      "kind" : "remoteSourceControl",
      "location" : "https://github.com/Bersaelor/KDTree",
      "state" : {
        "revision" : "35d14064d48d92a0c2c1215b93a3118f558b2e6b",
        "version" : "1.4.2"
      }
    },
    {
      "identity" : "sigmaswiftstatistics",
      "kind" : "remoteSourceControl",
      "location" : "https://github.com/evgenyneu/SigmaSwiftStatistics.git",
      "state" : {
        "revision" : "d36db09f97a1739edc8c63897220c7ecbb5de684",
        "version" : "9.0.2"
      }
    }
  ],
  "version" : 3
}
